
Microsoft Visual Studio Solution File, Format Version 12.00
# Visual Studio Version 16
VisualStudioVersion = 16.0.29424.173
MinimumVisualStudioVersion = 10.0.40219.1
Project("{FAE04EC0-301F-11D3-BF4B-00C04F79EFBC}") = "Examen3ParcialTaller", "Examen3ParcialTaller\Examen3ParcialTaller.csproj", "{721FACC3-DC8A-4BBE-BE29-441DD547DB2C}"
EndProject
Global
	GlobalSection(SolutionConfigurationPlatforms) = preSolution
		Debug|Any CPU = Debug|Any CPU
		Release|Any CPU = Release|Any CPU
	EndGlobalSection
	GlobalSection(ProjectConfigurationPlatforms) = postSolution
		{721FACC3-DC8A-4BBE-BE29-441DD547DB2C}.Debug|Any CPU.ActiveCfg = Debug|Any CPU
		{721FACC3-DC8A-4BBE-BE29-441DD547DB2C}.Debug|Any CPU.Build.0 = Debug|Any CPU
		{721FACC3-DC8A-4BBE-BE29-441DD547DB2C}.Release|Any CPU.ActiveCfg = Release|Any CPU
		{721FACC3-DC8A-4BBE-BE29-441DD547DB2C}.Release|Any CPU.Build.0 = Release|Any CPU
	EndGlobalSection
	GlobalSection(SolutionProperties) = preSolution
		HideSolutionNode = FALSE
	EndGlobalSection
	GlobalSection(ExtensibilityGlobals) = postSolution
		SolutionGuid = {FD741538-AD9E-43E6-9DA5-96E3E8E68791}
	EndGlobalSection
EndGlobal
